// !$*UTF8*$!
{
	archiveVersion = 1;
	classes = {
	};
	objectVersion = 50;
	objects = {

/* Begin PBXBuildFile section */
		FD544A0D2586A2770072BADE /* AppDelegate.swift in Sources */ = {isa = PBXBuildFile; fileRef = FD544A0C2586A2770072BADE /* AppDelegate.swift */; };
		FD544A0F2586A2770072BADE /* SceneDelegate.swift in Sources */ = {isa = PBXBuildFile; fileRef = FD544A0E2586A2770072BADE /* SceneDelegate.swift */; };
		FD544A112586A2770072BADE /* MainCollectionViewController.swift in Sources */ = {isa = PBXBuildFile; fileRef = FD544A102586A2770072BADE /* MainCollectionViewController.swift */; };
		FD544A142586A2770072BADE /* Main.storyboard in Resources */ = {isa = PBXBuildFile; fileRef = FD544A122586A2770072BADE /* Main.storyboard */; };
		FD544A162586A27A0072BADE /* Assets.xcassets in Resources */ = {isa = PBXBuildFile; fileRef = FD544A152586A27A0072BADE /* Assets.xcassets */; };
		FD544A192586A27A0072BADE /* LaunchScreen.storyboard in Resources */ = {isa = PBXBuildFile; fileRef = FD544A172586A27A0072BADE /* LaunchScreen.storyboard */; };
		FD544A232586A3370072BADE /* CustomDataSource.swift in Sources */ = {isa = PBXBuildFile; fileRef = FD544A222586A3370072BADE /* CustomDataSource.swift */; };
		FD544A262586A5060072BADE /* MainCell.swift in Sources */ = {isa = PBXBuildFile; fileRef = FD544A252586A5060072BADE /* MainCell.swift */; };
/* End PBXBuildFile section */

/* Begin PBXFileReference section */
		FD544A092586A2770072BADE /* Datasource Sample.app */ = {isa = PBXFileReference; explicitFileType = wrapper.application; includeInIndex = 0; path = "Datasource Sample.app"; sourceTree = BUILT_PRODUCTS_DIR; };
		FD544A0C2586A2770072BADE /* AppDelegate.swift */ = {isa = PBXFileReference; lastKnownFileType = sourcecode.swift; path = AppDelegate.swift; sourceTree = "<group>"; };
		FD544A0E2586A2770072BADE /* SceneDelegate.swift */ = {isa = PBXFileReference; lastKnownFileType = sourcecode.swift; path = SceneDelegate.swift; sourceTree = "<group>"; };
		FD544A102586A2770072BADE /* MainCollectionViewController.swift */ = {isa = PBXFileReference; lastKnownFileType = sourcecode.swift; path = MainCollectionViewController.swift; sourceTree = "<group>"; };
		FD544A132586A2770072BADE /* Base */ = {isa = PBXFileReference; lastKnownFileType = file.storyboard; name = Base; path = Base.lproj/Main.storyboard; sourceTree = "<group>"; };
		FD544A152586A27A0072BADE /* Assets.xcassets */ = {isa = PBXFileReference; lastKnownFileType = folder.assetcatalog; path = Assets.xcassets; sourceTree = "<group>"; };
		FD544A182586A27A0072BADE /* Base */ = {isa = PBXFileReference; lastKnownFileType = file.storyboard; name = Base; path = Base.lproj/LaunchScreen.storyboard; sourceTree = "<group>"; };
		FD544A1A2586A27A0072BADE /* Info.plist */ = {isa = PBXFileReference; lastKnownFileType = text.plist.xml; path = Info.plist; sourceTree = "<group>"; };
		FD544A222586A3370072BADE /* CustomDataSource.swift */ = {isa = PBXFileReference; lastKnownFileType = sourcecode.swift; path = CustomDataSource.swift; sourceTree = "<group>"; };
		FD544A252586A5060072BADE /* MainCell.swift */ = {isa = PBXFileReference; lastKnownFileType = sourcecode.swift; path = MainCell.swift; sourceTree = "<group>"; };
/* End PBXFileReference section */

/* Begin PBXFrameworksBuildPhase section */
		FD544A062586A2770072BADE /* Frameworks */ = {
			isa = PBXFrameworksBuildPhase;
			buildActionMask = 2147483647;
			files = (
			);
			runOnlyForDeploymentPostprocessing = 0;
		};
/* End PBXFrameworksBuildPhase section */

/* Begin PBXGroup section */
		FD544A002586A2770072BADE = {
			isa = PBXGroup;
			children = (
				FD544A0B2586A2770072BADE /* Datasource Sample */,
				FD544A0A2586A2770072BADE /* Products */,
			);
			sourceTree = "<group>";
		};
		FD544A0A2586A2770072BADE /* Products */ = {
			isa = PBXGroup;
			children = (
				FD544A092586A2770072BADE /* Datasource Sample.app */,
			);
			name = Products;
			sourceTree = "<group>";
		};
		FD544A0B2586A2770072BADE /* Datasource Sample */ = {
			isa = PBXGroup;
			children = (
				FD544A0C2586A2770072BADE /* AppDelegate.swift */,
				FD544A0E2586A2770072BADE /* SceneDelegate.swift */,
				FD544A102586A2770072BADE /* MainCollectionViewController.swift */,
				FD544A222586A3370072BADE /* CustomDataSource.swift */,
				FD544A252586A5060072BADE /* MainCell.swift */,
				FD544A122586A2770072BADE /* Main.storyboard */,
				FD544A152586A27A0072BADE /* Assets.xcassets */,
				FD544A172586A27A0072BADE /* LaunchScreen.storyboard */,
				FD544A1A2586A27A0072BADE /* Info.plist */,
			);
			path = "Datasource Sample";
			sourceTree = "<group>";
		};
/* End PBXGroup section */

/* Begin PBXNativeTarget section */
		FD544A082586A2770072BADE /* Datasource Sample */ = {
			isa = PBXNativeTarget;
			buildConfigurationList = FD544A1D2586A27A0072BADE /* Build configuration list for PBXNativeTarget "Datasource Sample" */;
			buildPhases = (
				FD544A052586A2770072BADE /* Sources */,
				FD544A062586A2770072BADE /* Frameworks */,
				FD544A072586A2770072BADE /* Resources */,
			);
			buildRules = (
			);
			dependencies = (
			);
			name = "Datasource Sample";
			productName = "Datasource Sample";
			productReference = FD544A092586A2770072BADE /* Datasource Sample.app */;
			productType = "com.apple.product-type.application";
		};
/* End PBXNativeTarget section */

/* Begin PBXProject section */
		FD544A012586A2770072BADE /* Project object */ = {
			isa = PBXProject;
			attributes = {
				LastSwiftUpdateCheck = 1220;
				LastUpgradeCheck = 1220;
				TargetAttributes = {
					FD544A082586A2770072BADE = {
						CreatedOnToolsVersion = 12.2;
					};
				};
			};
			buildConfigurationList = FD544A042586A2770072BADE /* Build configuration list for PBXProject "Datasource Sample" */;
			compatibilityVersion = "Xcode 9.3";
			developmentRegion = en;
			hasScannedForEncodings = 0;
			knownRegions = (
				en,
				Base,
			);
			mainGroup = FD544A002586A2770072BADE;
			productRefGroup = FD544A0A2586A2770072BADE /* Products */;
			projectDirPath = "";
			projectRoot = "";
			targets = (
				FD544A082586A2770072BADE /* Datasource Sample */,
			);
		};
/* End PBXProject section */

/* Begin PBXResourcesBuildPhase section */
		FD544A072586A2770072BADE /* Resources */ = {
			isa = PBXResourcesBuildPhase;
			buildActionMask = 2147483647;
			files = (
				FD544A192586A27A0072BADE /* LaunchScreen.storyboard in Resources */,
				FD544A162586A27A0072BADE /* Assets.xcassets in Resources */,
				FD544A142586A2770072BADE /* Main.storyboard in Resources */,
			);
			runOnlyForDeploymentPostprocessing = 0;
		};
/* End PBXResourcesBuildPhase section */

/* Begin PBXSourcesBuildPhase section */
		FD544A052586A2770072BADE /* Sources */ = {
			isa = PBXSourcesBuildPhase;
			buildActionMask = 2147483647;
			files = (
				FD544A112586A2770072BADE /* MainCollectionViewController.swift in Sources */,
				FD544A0D2586A2770072BADE /* AppDelegate.swift in Sources */,
				FD544A0F2586A2770072BADE /* SceneDelegate.swift in Sources */,
				FD544A232586A3370072BADE /* CustomDataSource.swift in Sources */,
				FD544A262586A5060072BADE /* MainCell.swift in Sources */,
			);
			runOnlyForDeploymentPostprocessing = 0;
		};
/* End PBXSourcesBuildPhase section */

/* Begin PBXVariantGroup section */
		FD544A122586A2770072BADE /* Main.storyboard */ = {
			isa = PBXVariantGroup;
			children = (
				FD544A132586A2770072BADE /* Base */,
			);
			name = Main.storyboard;
			sourceTree = "<group>";
		};
		FD544A172586A27A0072BADE /* LaunchScreen.storyboard */ = {
			isa = PBXVariantGroup;
			children = (
				FD544A182586A27A0072BADE /* Base */,
			);
			name = LaunchScreen.storyboard;
			sourceTree = "<group>";
		};
/* End PBXVariantGroup section */

/* Begin XCBuildConfiguration section */
		FD544A1B2586A27A0072BADE /* Debug */ = {
			isa = XCBuildConfiguration;
			buildSettings = {
				ALWAYS_SEARCH_USER_PATHS = NO;
				CLANG_ANALYZER_NONNULL = YES;
				CLANG_ANALYZER_NUMBER_OBJECT_CONVERSION = YES_AGGRESSIVE;
				CLANG_CXX_LANGUAGE_STANDARD = "gnu++14";
				CLANG_CXX_LIBRARY = "libc++";
				CLANG_ENABLE_MODULES = YES;
				CLANG_ENABLE_OBJC_ARC = YES;
				CLANG_ENABLE_OBJC_WEAK = YES;
				CLANG_WARN_BLOCK_CAPTURE_AUTORELEASING = YES;
				CLANG_WARN_BOOL_CONVERSION = YES;
				CLANG_WARN_COMMA = YES;
				CLANG_WARN_CONSTANT_CONVERSION = YES;
				CLANG_WARN_DEPRECATED_OBJC_IMPLEMENTATIONS = YES;
				CLANG_WARN_DIRECT_OBJC_ISA_USAGE = YES_ERROR;
				CLANG_WARN_DOCUMENTATION_COMMENTS = YES;
				CLANG_WARN_EMPTY_BODY = YES;
				CLANG_WARN_ENUM_CONVERSION = YES;
				CLANG_WARN_INFINITE_RECURSION = YES;
				CLANG_WARN_INT_CONVERSION = YES;
				CLANG_WARN_NON_LITERAL_NULL_CONVERSION = YES;
				CLANG_WARN_OBJC_IMPLICIT_RETAIN_SELF = YES;
				CLANG_WARN_OBJC_LITERAL_CONVERSION = YES;
				CLANG_WARN_OBJC_ROOT_CLASS = YES_ERROR;
				CLANG_WARN_QUOTED_INCLUDE_IN_FRAMEWORK_HEADER = YES;
				CLANG_WARN_RANGE_LOOP_ANALYSIS = YES;
				CLANG_WARN_STRICT_PROTOTYPES = YES;
				CLANG_WARN_SUSPICIOUS_MOVE = YES;
				CLANG_WARN_UNGUARDED_AVAILABILITY = YES_AGGRESSIVE;
				CLANG_WARN_UNREACHABLE_CODE = YES;
				CLANG_WARN__DUPLICATE_METHOD_MATCH = YES;
				COPY_PHASE_STRIP = NO;
				DEBUG_INFORMATION_FORMAT = dwarf;
				ENABLE_STRICT_OBJC_MSGSEND = YES;
				ENABLE_TESTABILITY = YES;
				GCC_C_LANGUAGE_STANDARD = gnu11;
				GCC_DYNAMIC_NO_PIC = NO;
				GCC_NO_COMMON_BLOCKS = YES;
				GCC_OPTIMIZATION_LEVEL = 0;
				GCC_PREPROCESSOR_DEFINITIONS = (
					"DEBUG=1",
					"$(inherited)",
				);
				GCC_WARN_64_TO_32_BIT_CONVERSION = YES;
				GCC_WARN_ABOUT_RETURN_TYPE = YES_ERROR;
				GCC_WARN_UNDECLARED_SELECTOR = YES;
				GCC_WARN_UNINITIALIZED_AUTOS = YES_AGGRESSIVE;
				GCC_WARN_UNUSED_FUNCTION = YES;
				GCC_WARN_UNUSED_VARIABLE = YES;
				IPHONEOS_DEPLOYMENT_TARGET = 14.2;
				MTL_ENABLE_DEBUG_INFO = INCLUDE_SOURCE;
				MTL_FAST_MATH = YES;
				ONLY_ACTIVE_ARCH = YES;
				SDKROOT = iphoneos;
				SWIFT_ACTIVE_COMPILATION_CONDITIONS = DEBUG;
				SWIFT_OPTIMIZATION_LEVEL = "-Onone";
			};
			name = Debug;
		};
		FD544A1C2586A27A0072BADE /* Release */ = {
			isa = XCBuildConfiguration;
			buildSettings = {
				ALWAYS_SEARCH_USER_PATHS = NO;
				CLANG_ANALYZER_NONNULL = YES;
				CLANG_ANALYZER_NUMBER_OBJECT_CONVERSION = YES_AGGRESSIVE;
				CLANG_CXX_LANGUAGE_STANDARD = "gnu++14";
				CLANG_CXX_LIBRARY = "libc++";
				CLANG_ENABLE_MODULES = YES;
				CLANG_ENABLE_OBJC_ARC = YES;
				CLANG_ENABLE_OBJC_WEAK = YES;
				CLANG_WARN_BLOCK_CAPTURE_AUTORELEASING = YES;
				CLANG_WARN_BOOL_CONVERSION = YES;
				CLANG_WARN_COMMA = YES;
				CLANG_WARN_CONSTANT_CONVERSION = YES;
				CLANG_WARN_DEPRECATED_OBJC_IMPLEMENTATIONS = YES;
				CLANG_WARN_DIRECT_OBJC_ISA_USAGE = YES_ERROR;
				CLANG_WARN_DOCUMENTATION_COMMENTS = YES;
				CLANG_WARN_EMPTY_BODY = YES;
				CLANG_WARN_ENUM_CONVERSION = YES;
				CLANG_WARN_INFINITE_RECURSION = YES;
				CLANG_WARN_INT_CONVERSION = YES;
				CLANG_WARN_NON_LITERAL_NULL_CONVERSION = YES;
				CLANG_WARN_OBJC_IMPLICIT_RETAIN_SELF = YES;
				CLANG_WARN_OBJC_LITERAL_CONVERSION = YES;
				CLANG_WARN_OBJC_ROOT_CLASS = YES_ERROR;
				CLANG_WARN_QUOTED_INCLUDE_IN_FRAMEWORK_HEADER = YES;
				CLANG_WARN_RANGE_LOOP_ANALYSIS = YES;
				CLANG_WARN_STRICT_PROTOTYPES = YES;
				CLANG_WARN_SUSPICIOUS_MOVE = YES;
				CLANG_WARN_UNGUARDED_AVAILABILITY = YES_AGGRESSIVE;
				CLANG_WARN_UNREACHABLE_CODE = YES;
				CLANG_WARN__DUPLICATE_METHOD_MATCH = YES;
				COPY_PHASE_STRIP = NO;
				DEBUG_INFORMATION_FORMAT = "dwarf-with-dsym";
				ENABLE_NS_ASSERTIONS = NO;
				ENABLE_STRICT_OBJC_MSGSEND = YES;
				GCC_C_LANGUAGE_STANDARD = gnu11;
				GCC_NO_COMMON_BLOCKS = YES;
				GCC_WARN_64_TO_32_BIT_CONVERSION = YES;
				GCC_WARN_ABOUT_RETURN_TYPE = YES_ERROR;
				GCC_WARN_UNDECLARED_SELECTOR = YES;
				GCC_WARN_UNINITIALIZED_AUTOS = YES_AGGRESSIVE;
				GCC_WARN_UNUSED_FUNCTION = YES;
				GCC_WARN_UNUSED_VARIABLE = YES;
				IPHONEOS_DEPLOYMENT_TARGET = 14.2;
				MTL_ENABLE_DEBUG_INFO = NO;
				MTL_FAST_MATH = YES;
				SDKROOT = iphoneos;
				SWIFT_COMPILATION_MODE = wholemodule;
				SWIFT_OPTIMIZATION_LEVEL = "-O";
				VALIDATE_PRODUCT = YES;
			};
			name = Release;
		};
		FD544A1E2586A27A0072BADE /* Debug */ = {
			isa = XCBuildConfiguration;
			buildSettings = {
				ASSETCATALOG_COMPILER_APPICON_NAME = AppIcon;
				ASSETCATALOG_COMPILER_GLOBAL_ACCENT_COLOR_NAME = AccentColor;
				CODE_SIGN_STYLE = Automatic;
				DEVELOPMENT_TEAM = LX84G6PTJX;
				INFOPLIST_FILE = "Datasource Sample/Info.plist";
				LD_RUNPATH_SEARCH_PATHS = (
					"$(inherited)",
					"@executable_path/Frameworks",
				);
				PRODUCT_BUNDLE_IDENTIFIER = "eddyash.Datasource-Sample";
				PRODUCT_NAME = "$(TARGET_NAME)";
				SWIFT_VERSION = 5.0;
				TARGETED_DEVICE_FAMILY = "1,2";
			};
			name = Debug;
		};
		FD544A1F2586A27A0072BADE /* Release */ = {
			isa = XCBuildConfiguration;
			buildSettings = {
				ASSETCATALOG_COMPILER_APPICON_NAME = AppIcon;
				ASSETCATALOG_COMPILER_GLOBAL_ACCENT_COLOR_NAME = AccentColor;
				CODE_SIGN_STYLE = Automatic;
				DEVELOPMENT_TEAM = LX84G6PTJX;
				INFOPLIST_FILE = "Datasource Sample/Info.plist";
				LD_RUNPATH_SEARCH_PATHS = (
					"$(inherited)",
					"@executable_path/Frameworks",
				);
				PRODUCT_BUNDLE_IDENTIFIER = "eddyash.Datasource-Sample";
				PRODUCT_NAME = "$(TARGET_NAME)";
				SWIFT_VERSION = 5.0;
				TARGETED_DEVICE_FAMILY = "1,2";
			};
			name = Release;
		};
/* End XCBuildConfiguration section */

/* Begin XCConfigurationList section */
		FD544A042586A2770072BADE /* Build configuration list for PBXProject "Datasource Sample" */ = {
			isa = XCConfigurationList;
			buildConfigurations = (
				FD544A1B2586A27A0072BADE /* Debug */,
				FD544A1C2586A27A0072BADE /* Release */,
			);
			defaultConfigurationIsVisible = 0;
			defaultConfigurationName = Release;
		};
		FD544A1D2586A27A0072BADE /* Build configuration list for PBXNativeTarget "Datasource Sample" */ = {
			isa = XCConfigurationList;
			buildConfigurations = (
				FD544A1E2586A27A0072BADE /* Debug */,
				FD544A1F2586A27A0072BADE /* Release */,
			);
			defaultConfigurationIsVisible = 0;
			defaultConfigurationName = Release;
		};
/* End XCConfigurationList section */
	};
	rootObject = FD544A012586A2770072BADE /* Project object */;
}
